
Microsoft Visual Studio Solution File, Format Version 12.00
# Visual Studio Version 17
VisualStudioVersion = 17.4.33205.214
MinimumVisualStudioVersion = 10.0.40219.1
Project("{9A19103F-16F7-4668-BE54-9A1E7A4F7556}") = "M001", "M001\M001.csproj", "{D0FD16DC-1E17-4B25-B227-DBBACEB0EBD3}"
EndProject
Project("{9A19103F-16F7-4668-BE54-9A1E7A4F7556}") = "M002", "M002\M002.csproj", "{C848D560-8948-45C2-BFF6-5F03191A80E6}"
EndProject
Project("{9A19103F-16F7-4668-BE54-9A1E7A4F7556}") = "M003", "M003\M003.csproj", "{D485BB62-246C-437A-85F4-AF517A7F5742}"
EndProject
Project("{9A19103F-16F7-4668-BE54-9A1E7A4F7556}") = "M004", "M004\M004.csproj", "{B347998F-DE41-4406-9592-C89A25DF091A}"
EndProject
Project("{9A19103F-16F7-4668-BE54-9A1E7A4F7556}") = "M005", "M005\M005.csproj", "{8B70E833-3EE0-4345-BF39-600D53C9BCDE}"
EndProject
Project("{9A19103F-16F7-4668-BE54-9A1E7A4F7556}") = "M006", "M006\M006.csproj", "{470B2E66-0F64-4C9A-9DC3-E041EC1D223B}"
EndProject
Project("{9A19103F-16F7-4668-BE54-9A1E7A4F7556}") = "M007", "M007\M007.csproj", "{97AC74CF-3387-48E7-907F-9F2D85DE74CA}"
EndProject
Project("{9A19103F-16F7-4668-BE54-9A1E7A4F7556}") = "M008", "M008\M008.csproj", "{47E073AE-BA1A-4EAD-BAE2-FE1F51C45C80}"
EndProject
Project("{9A19103F-16F7-4668-BE54-9A1E7A4F7556}") = "M009", "M009\M009.csproj", "{3067DF73-3255-492D-94B9-F5CB35CD59D7}"
EndProject
Project("{9A19103F-16F7-4668-BE54-9A1E7A4F7556}") = "M010", "M010\M010.csproj", "{6569BDFD-B97D-4234-B094-0DAC465B6238}"
EndProject
Project("{9A19103F-16F7-4668-BE54-9A1E7A4F7556}") = "M011", "M011\M011.csproj", "{8B53225F-95B4-44C8-869E-24B1EAD8E660}"
EndProject
Project("{9A19103F-16F7-4668-BE54-9A1E7A4F7556}") = "M012", "M012\M012.csproj", "{6BDABB77-296C-463C-AB1F-323B0CBE08A3}"
EndProject
Project("{FAE04EC0-301F-11D3-BF4B-00C04F79EFBC}") = "M013", "M013\M013.csproj", "{94F41C5D-D3FC-4906-BC2E-AF584B86A5B8}"
EndProject
Project("{FAE04EC0-301F-11D3-BF4B-00C04F79EFBC}") = "M013_Tests", "M013_Tests\M013_Tests.csproj", "{A67A5661-9A5A-4F64-90DB-1EEA87CEBA40}"
EndProject
Global
	GlobalSection(SolutionConfigurationPlatforms) = preSolution
		Debug|Any CPU = Debug|Any CPU
		Release|Any CPU = Release|Any CPU
	EndGlobalSection
	GlobalSection(ProjectConfigurationPlatforms) = postSolution
		{D0FD16DC-1E17-4B25-B227-DBBACEB0EBD3}.Debug|Any CPU.ActiveCfg = Debug|Any CPU
		{D0FD16DC-1E17-4B25-B227-DBBACEB0EBD3}.Debug|Any CPU.Build.0 = Debug|Any CPU
		{D0FD16DC-1E17-4B25-B227-DBBACEB0EBD3}.Release|Any CPU.ActiveCfg = Release|Any CPU
		{D0FD16DC-1E17-4B25-B227-DBBACEB0EBD3}.Release|Any CPU.Build.0 = Release|Any CPU
		{C848D560-8948-45C2-BFF6-5F03191A80E6}.Debug|Any CPU.ActiveCfg = Debug|Any CPU
		{C848D560-8948-45C2-BFF6-5F03191A80E6}.Debug|Any CPU.Build.0 = Debug|Any CPU
		{C848D560-8948-45C2-BFF6-5F03191A80E6}.Release|Any CPU.ActiveCfg = Release|Any CPU
		{C848D560-8948-45C2-BFF6-5F03191A80E6}.Release|Any CPU.Build.0 = Release|Any CPU
		{D485BB62-246C-437A-85F4-AF517A7F5742}.Debug|Any CPU.ActiveCfg = Debug|Any CPU
		{D485BB62-246C-437A-85F4-AF517A7F5742}.Debug|Any CPU.Build.0 = Debug|Any CPU
		{D485BB62-246C-437A-85F4-AF517A7F5742}.Release|Any CPU.ActiveCfg = Release|Any CPU
		{D485BB62-246C-437A-85F4-AF517A7F5742}.Release|Any CPU.Build.0 = Release|Any CPU
		{B347998F-DE41-4406-9592-C89A25DF091A}.Debug|Any CPU.ActiveCfg = Debug|Any CPU
		{B347998F-DE41-4406-9592-C89A25DF091A}.Debug|Any CPU.Build.0 = Debug|Any CPU
		{B347998F-DE41-4406-9592-C89A25DF091A}.Release|Any CPU.ActiveCfg = Release|Any CPU
		{B347998F-DE41-4406-9592-C89A25DF091A}.Release|Any CPU.Build.0 = Release|Any CPU
		{8B70E833-3EE0-4345-BF39-600D53C9BCDE}.Debug|Any CPU.ActiveCfg = Debug|Any CPU
		{8B70E833-3EE0-4345-BF39-600D53C9BCDE}.Debug|Any CPU.Build.0 = Debug|Any CPU
		{8B70E833-3EE0-4345-BF39-600D53C9BCDE}.Release|Any CPU.ActiveCfg = Release|Any CPU
		{8B70E833-3EE0-4345-BF39-600D53C9BCDE}.Release|Any CPU.Build.0 = Release|Any CPU
		{470B2E66-0F64-4C9A-9DC3-E041EC1D223B}.Debug|Any CPU.ActiveCfg = Debug|Any CPU
		{470B2E66-0F64-4C9A-9DC3-E041EC1D223B}.Debug|Any CPU.Build.0 = Debug|Any CPU
		{470B2E66-0F64-4C9A-9DC3-E041EC1D223B}.Release|Any CPU.ActiveCfg = Release|Any CPU
		{470B2E66-0F64-4C9A-9DC3-E041EC1D223B}.Release|Any CPU.Build.0 = Release|Any CPU
		{97AC74CF-3387-48E7-907F-9F2D85DE74CA}.Debug|Any CPU.ActiveCfg = Debug|Any CPU
		{97AC74CF-3387-48E7-907F-9F2D85DE74CA}.Debug|Any CPU.Build.0 = Debug|Any CPU
		{97AC74CF-3387-48E7-907F-9F2D85DE74CA}.Release|Any CPU.ActiveCfg = Release|Any CPU
		{97AC74CF-3387-48E7-907F-9F2D85DE74CA}.Release|Any CPU.Build.0 = Release|Any CPU
		{47E073AE-BA1A-4EAD-BAE2-FE1F51C45C80}.Debug|Any CPU.ActiveCfg = Debug|Any CPU
		{47E073AE-BA1A-4EAD-BAE2-FE1F51C45C80}.Debug|Any CPU.Build.0 = Debug|Any CPU
		{47E073AE-BA1A-4EAD-BAE2-FE1F51C45C80}.Release|Any CPU.ActiveCfg = Release|Any CPU
		{47E073AE-BA1A-4EAD-BAE2-FE1F51C45C80}.Release|Any CPU.Build.0 = Release|Any CPU
		{3067DF73-3255-492D-94B9-F5CB35CD59D7}.Debug|Any CPU.ActiveCfg = Debug|Any CPU
		{3067DF73-3255-492D-94B9-F5CB35CD59D7}.Debug|Any CPU.Build.0 = Debug|Any CPU
		{3067DF73-3255-492D-94B9-F5CB35CD59D7}.Release|Any CPU.ActiveCfg = Release|Any CPU
		{3067DF73-3255-492D-94B9-F5CB35CD59D7}.Release|Any CPU.Build.0 = Release|Any CPU
		{6569BDFD-B97D-4234-B094-0DAC465B6238}.Debug|Any CPU.ActiveCfg = Debug|Any CPU
		{6569BDFD-B97D-4234-B094-0DAC465B6238}.Debug|Any CPU.Build.0 = Debug|Any CPU
		{6569BDFD-B97D-4234-B094-0DAC465B6238}.Release|Any CPU.ActiveCfg = Release|Any CPU
		{6569BDFD-B97D-4234-B094-0DAC465B6238}.Release|Any CPU.Build.0 = Release|Any CPU
		{8B53225F-95B4-44C8-869E-24B1EAD8E660}.Debug|Any CPU.ActiveCfg = Debug|Any CPU
		{8B53225F-95B4-44C8-869E-24B1EAD8E660}.Debug|Any CPU.Build.0 = Debug|Any CPU
		{8B53225F-95B4-44C8-869E-24B1EAD8E660}.Release|Any CPU.ActiveCfg = Release|Any CPU
		{8B53225F-95B4-44C8-869E-24B1EAD8E660}.Release|Any CPU.Build.0 = Release|Any CPU
		{6BDABB77-296C-463C-AB1F-323B0CBE08A3}.Debug|Any CPU.ActiveCfg = Debug|Any CPU
		{6BDABB77-296C-463C-AB1F-323B0CBE08A3}.Debug|Any CPU.Build.0 = Debug|Any CPU
		{6BDABB77-296C-463C-AB1F-323B0CBE08A3}.Release|Any CPU.ActiveCfg = Release|Any CPU
		{6BDABB77-296C-463C-AB1F-323B0CBE08A3}.Release|Any CPU.Build.0 = Release|Any CPU
		{94F41C5D-D3FC-4906-BC2E-AF584B86A5B8}.Debug|Any CPU.ActiveCfg = Debug|Any CPU
		{94F41C5D-D3FC-4906-BC2E-AF584B86A5B8}.Debug|Any CPU.Build.0 = Debug|Any CPU
		{94F41C5D-D3FC-4906-BC2E-AF584B86A5B8}.Release|Any CPU.ActiveCfg = Release|Any CPU
		{94F41C5D-D3FC-4906-BC2E-AF584B86A5B8}.Release|Any CPU.Build.0 = Release|Any CPU
		{A67A5661-9A5A-4F64-90DB-1EEA87CEBA40}.Debug|Any CPU.ActiveCfg = Debug|Any CPU
		{A67A5661-9A5A-4F64-90DB-1EEA87CEBA40}.Debug|Any CPU.Build.0 = Debug|Any CPU
		{A67A5661-9A5A-4F64-90DB-1EEA87CEBA40}.Release|Any CPU.ActiveCfg = Release|Any CPU
		{A67A5661-9A5A-4F64-90DB-1EEA87CEBA40}.Release|Any CPU.Build.0 = Release|Any CPU
	EndGlobalSection
	GlobalSection(SolutionProperties) = preSolution
		HideSolutionNode = FALSE
	EndGlobalSection
	GlobalSection(ExtensibilityGlobals) = postSolution
		SolutionGuid = {03A6C67D-17EB-4153-8B04-498830C1F729}
	EndGlobalSection
EndGlobal
